<?xml version="1.0" encoding="utf-8"?>
<Project ToolsVersion="4.0" xmlns="http://schemas.microsoft.com/developer/msbuild/2003">
  <ItemGroup>
    <ClCompile Include="..\..\src\databuffer.c" />
    <ClCompile Include="..\..\src\ops.c" />
    <ClCompile Include="..\..\src\data.c" />
    <ClCompile Include="..\..\src\sds.c" />
  </ItemGroup>
  <ItemGroup>
    <ClInclude Include="..\..\src\databuffer.h" />
    <ClInclude Include="..\..\src\common.h" />
    <ClInclude Include="..\..\src\data.h" />
    <ClInclude Include="..\..\src\sds.h" />
    <ClInclude Include="..\..\src\heap.h" />
  </ItemGroup>
</Project>